# @generated by Move, please check-in and do not edit manually.

[move]
version = 3
manifest_digest = "CAF75AAFA977A01651C842F4B561A0D5C947C18182F0B913D2A8148A42D80A2D"
deps_digest = "F8BBB0CCB2491CA29A3DF03D6F92277A4F3574266507ACD77214D37ECA3F3082"

dependencies = [
  { id = "Sui", name = "Sui" },
]

[[move.package]]
id = "MoveStdlib"
source = { git = "https://github.com/MystenLabs/sui.git", rev = "devnet-v1.37.0", subdir = "crates/sui-framework/packages/move-stdlib" }

[[move.package]]
id = "Sui"
source = { git = "https://github.com/MystenLabs/sui.git", rev = "devnet-v1.37.0", subdir = "crates/sui-framework/packages/sui-framework" }

dependencies = [
  { id = "MoveStdlib", name = "MoveStdlib" },
]

[move.toolchain-version]
compiler-version = "1.37.0"
edition = "2024.beta"
flavor = "sui"

[env]

[env.devnet]
chain-id = "0fc07bbe"
original-published-id = "0xfd79cc7d5c9dfb09d41af5738cb59ff34855ae27ed0cc20aa6329303f45ed791"
latest-published-id = "0xfd79cc7d5c9dfb09d41af5738cb59ff34855ae27ed0cc20aa6329303f45ed791"
published-version = "1"
